
Microsoft Visual Studio Solution File, Format Version 12.00
# Visual Studio Version 17
VisualStudioVersion = 17.14.36429.23 d17.14
MinimumVisualStudioVersion = 10.0.40219.1
Project("{FAE04EC0-301F-11D3-BF4B-00C04F79EFBC}") = "PruebaConecta", "PruebaConecta.csproj", "{2E48ED20-A405-4A69-AF9B-7B491676EE27}"
EndProject
Global
	GlobalSection(SolutionConfigurationPlatforms) = preSolution
		Debug|Any CPU = Debug|Any CPU
		Release|Any CPU = Release|Any CPU
	EndGlobalSection
	GlobalSection(ProjectConfigurationPlatforms) = postSolution
		{2E48ED20-A405-4A69-AF9B-7B491676EE27}.Debug|Any CPU.ActiveCfg = Debug|Any CPU
		{2E48ED20-A405-4A69-AF9B-7B491676EE27}.Debug|Any CPU.Build.0 = Debug|Any CPU
		{2E48ED20-A405-4A69-AF9B-7B491676EE27}.Release|Any CPU.ActiveCfg = Release|Any CPU
		{2E48ED20-A405-4A69-AF9B-7B491676EE27}.Release|Any CPU.Build.0 = Release|Any CPU
	EndGlobalSection
	GlobalSection(SolutionProperties) = preSolution
		HideSolutionNode = FALSE
	EndGlobalSection
	GlobalSection(ExtensibilityGlobals) = postSolution
		SolutionGuid = {8681E62C-22EB-4B56-BFD0-677094A41AF3}
	EndGlobalSection
EndGlobal
